// !$*UTF8*$!
{
	archiveVersion = 1;
	classes = {
	};
	objectVersion = 46;
	objects = {

/* Begin PBXBuildFile section */
		B11C2F091F544BE900F69F6E /* UIColor.swift in Sources */ = {isa = PBXBuildFile; fileRef = B11C2F081F544BE900F69F6E /* UIColor.swift */; };
		B11C2F0B1F55F0DD00F69F6E /* RequestClient.swift in Sources */ = {isa = PBXBuildFile; fileRef = B11C2F0A1F55F0DD00F69F6E /* RequestClient.swift */; };
		B12BCA0A1F4C88130037A359 /* BaseController.swift in Sources */ = {isa = PBXBuildFile; fileRef = B12BCA091F4C88130037A359 /* BaseController.swift */; };
		B12DCC101F6C48A900CD9592 /* PhotoExtension.swift in Sources */ = {isa = PBXBuildFile; fileRef = B12DCC0F1F6C48A900CD9592 /* PhotoExtension.swift */; };
		B12DCC121F6C48F400CD9592 /* PhotoQueueItem.swift in Sources */ = {isa = PBXBuildFile; fileRef = B12DCC111F6C48F400CD9592 /* PhotoQueueItem.swift */; };
		B140F0971E9FE94E00EEEEA4 /* AppDelegate.swift in Sources */ = {isa = PBXBuildFile; fileRef = B140F0961E9FE94E00EEEEA4 /* AppDelegate.swift */; };
		B140F0991E9FE94E00EEEEA4 /* MapViewController.swift in Sources */ = {isa = PBXBuildFile; fileRef = B140F0981E9FE94E00EEEEA4 /* MapViewController.swift */; };
		B140F09C1E9FE94E00EEEEA4 /* Main.storyboard in Resources */ = {isa = PBXBuildFile; fileRef = B140F09A1E9FE94E00EEEEA4 /* Main.storyboard */; };
		B140F09F1E9FE94E00EEEEA4 /* VirtualTourist.xcdatamodeld in Sources */ = {isa = PBXBuildFile; fileRef = B140F09D1E9FE94E00EEEEA4 /* VirtualTourist.xcdatamodeld */; };
		B140F0A11E9FE94E00EEEEA4 /* Assets.xcassets in Resources */ = {isa = PBXBuildFile; fileRef = B140F0A01E9FE94E00EEEEA4 /* Assets.xcassets */; };
		B140F0A41E9FE94E00EEEEA4 /* LaunchScreen.storyboard in Resources */ = {isa = PBXBuildFile; fileRef = B140F0A21E9FE94E00EEEEA4 /* LaunchScreen.storyboard */; };
		B16313BF1F5A77D000CAC474 /* FlickrClient.swift in Sources */ = {isa = PBXBuildFile; fileRef = B16313BE1F5A77D000CAC474 /* FlickrClient.swift */; };
		B16313C41F5A92CC00CAC474 /* RequestClientExtension.swift in Sources */ = {isa = PBXBuildFile; fileRef = B16313C31F5A92CC00CAC474 /* RequestClientExtension.swift */; };
		B16A70811F6C56080072BA4D /* Photo.swift in Sources */ = {isa = PBXBuildFile; fileRef = B16A70801F6C56080072BA4D /* Photo.swift */; };
		B1AC4CE01F5055950032C590 /* MapRegion.swift in Sources */ = {isa = PBXBuildFile; fileRef = B1AC4CDF1F5055950032C590 /* MapRegion.swift */; };
		B1AC4CE21F52F4860032C590 /* MapViewControllerExtension.swift in Sources */ = {isa = PBXBuildFile; fileRef = B1AC4CE11F52F4860032C590 /* MapViewControllerExtension.swift */; };
		B1AC4CE41F52F8730032C590 /* MapDetailViewController.swift in Sources */ = {isa = PBXBuildFile; fileRef = B1AC4CE31F52F8730032C590 /* MapDetailViewController.swift */; };
		B1AF26F11F5AC162006B94CC /* FlickrClientExention.swift in Sources */ = {isa = PBXBuildFile; fileRef = B1AF26F01F5AC162006B94CC /* FlickrClientExention.swift */; };
		B1AF26F31F5AC83C006B94CC /* String.swift in Sources */ = {isa = PBXBuildFile; fileRef = B1AF26F21F5AC83C006B94CC /* String.swift */; };
		B1AF26F51F5AC86B006B94CC /* Dictionary.swift in Sources */ = {isa = PBXBuildFile; fileRef = B1AF26F41F5AC86B006B94CC /* Dictionary.swift */; };
		B1AF26F71F5F016C006B94CC /* UIImage.swift in Sources */ = {isa = PBXBuildFile; fileRef = B1AF26F61F5F016C006B94CC /* UIImage.swift */; };
		B1D4AC221F6E465E009E5718 /* MapMainMenu.swift in Sources */ = {isa = PBXBuildFile; fileRef = B1D4AC211F6E465E009E5718 /* MapMainMenu.swift */; };
		B1D4AC241F6E470E009E5718 /* MapMainMenu.xib in Resources */ = {isa = PBXBuildFile; fileRef = B1D4AC231F6E470E009E5718 /* MapMainMenu.xib */; };
		B1D4AC271F6E493D009E5718 /* ControllerCommandProtocol.swift in Sources */ = {isa = PBXBuildFile; fileRef = B1D4AC261F6E493D009E5718 /* ControllerCommandProtocol.swift */; };
		B1F8D19F1F4F2DB20025D575 /* Pin.swift in Sources */ = {isa = PBXBuildFile; fileRef = B1F8D19E1F4F2DB20025D575 /* Pin.swift */; };
		B1FB54EF1F6536F400E20E72 /* FlickrCell.swift in Sources */ = {isa = PBXBuildFile; fileRef = B1FB54EE1F6536F400E20E72 /* FlickrCell.swift */; };
		B1FB54F11F6548CC00E20E72 /* MapDetailViewControllerExtension.swift in Sources */ = {isa = PBXBuildFile; fileRef = B1FB54F01F6548CC00E20E72 /* MapDetailViewControllerExtension.swift */; };
		B1FB54F31F678C6000E20E72 /* FlickrClientConstants.swift in Sources */ = {isa = PBXBuildFile; fileRef = B1FB54F21F678C6000E20E72 /* FlickrClientConstants.swift */; };
		BFDEA9AB5FACA533086E1E43 /* Pods_VirtualTourist.framework in Frameworks */ = {isa = PBXBuildFile; fileRef = 461A4D22E43FEB594A4BE36E /* Pods_VirtualTourist.framework */; };
/* End PBXBuildFile section */

/* Begin PBXFileReference section */
		461A4D22E43FEB594A4BE36E /* Pods_VirtualTourist.framework */ = {isa = PBXFileReference; explicitFileType = wrapper.framework; includeInIndex = 0; path = Pods_VirtualTourist.framework; sourceTree = BUILT_PRODUCTS_DIR; };
		ACE6EE8AE16FDEF3E5224A79 /* Pods-VirtualTourist.debug.xcconfig */ = {isa = PBXFileReference; includeInIndex = 1; lastKnownFileType = text.xcconfig; name = "Pods-VirtualTourist.debug.xcconfig"; path = "Pods/Target Support Files/Pods-VirtualTourist/Pods-VirtualTourist.debug.xcconfig"; sourceTree = "<group>"; };
		B11C2F081F544BE900F69F6E /* UIColor.swift */ = {isa = PBXFileReference; fileEncoding = 4; lastKnownFileType = sourcecode.swift; path = UIColor.swift; sourceTree = "<group>"; };
		B11C2F0A1F55F0DD00F69F6E /* RequestClient.swift */ = {isa = PBXFileReference; fileEncoding = 4; lastKnownFileType = sourcecode.swift; path = RequestClient.swift; sourceTree = "<group>"; };
		B12BCA091F4C88130037A359 /* BaseController.swift */ = {isa = PBXFileReference; fileEncoding = 4; lastKnownFileType = sourcecode.swift; path = BaseController.swift; sourceTree = "<group>"; };
		B12DCC0F1F6C48A900CD9592 /* PhotoExtension.swift */ = {isa = PBXFileReference; fileEncoding = 4; lastKnownFileType = sourcecode.swift; path = PhotoExtension.swift; sourceTree = "<group>"; };
		B12DCC111F6C48F400CD9592 /* PhotoQueueItem.swift */ = {isa = PBXFileReference; fileEncoding = 4; lastKnownFileType = sourcecode.swift; path = PhotoQueueItem.swift; sourceTree = "<group>"; };
		B140F0931E9FE94E00EEEEA4 /* VirtualTourist.app */ = {isa = PBXFileReference; explicitFileType = wrapper.application; includeInIndex = 0; path = VirtualTourist.app; sourceTree = BUILT_PRODUCTS_DIR; };
		B140F0961E9FE94E00EEEEA4 /* AppDelegate.swift */ = {isa = PBXFileReference; lastKnownFileType = sourcecode.swift; path = AppDelegate.swift; sourceTree = "<group>"; };
		B140F0981E9FE94E00EEEEA4 /* MapViewController.swift */ = {isa = PBXFileReference; lastKnownFileType = sourcecode.swift; path = MapViewController.swift; sourceTree = "<group>"; };
		B140F09B1E9FE94E00EEEEA4 /* Base */ = {isa = PBXFileReference; lastKnownFileType = file.storyboard; name = Base; path = Base.lproj/Main.storyboard; sourceTree = "<group>"; };
		B140F09E1E9FE94E00EEEEA4 /* VirtualTourist.xcdatamodel */ = {isa = PBXFileReference; lastKnownFileType = wrapper.xcdatamodel; path = VirtualTourist.xcdatamodel; sourceTree = "<group>"; };
		B140F0A01E9FE94E00EEEEA4 /* Assets.xcassets */ = {isa = PBXFileReference; lastKnownFileType = folder.assetcatalog; path = Assets.xcassets; sourceTree = "<group>"; };
		B140F0A31E9FE94E00EEEEA4 /* Base */ = {isa = PBXFileReference; lastKnownFileType = file.storyboard; name = Base; path = Base.lproj/LaunchScreen.storyboard; sourceTree = "<group>"; };
		B140F0A51E9FE94E00EEEEA4 /* Info.plist */ = {isa = PBXFileReference; lastKnownFileType = text.plist.xml; path = Info.plist; sourceTree = "<group>"; };
		B16313BE1F5A77D000CAC474 /* FlickrClient.swift */ = {isa = PBXFileReference; fileEncoding = 4; lastKnownFileType = sourcecode.swift; path = FlickrClient.swift; sourceTree = "<group>"; };
		B16313C31F5A92CC00CAC474 /* RequestClientExtension.swift */ = {isa = PBXFileReference; fileEncoding = 4; lastKnownFileType = sourcecode.swift; path = RequestClientExtension.swift; sourceTree = "<group>"; };
		B16A70801F6C56080072BA4D /* Photo.swift */ = {isa = PBXFileReference; fileEncoding = 4; lastKnownFileType = sourcecode.swift; path = Photo.swift; sourceTree = "<group>"; };
		B1AC4CDF1F5055950032C590 /* MapRegion.swift */ = {isa = PBXFileReference; fileEncoding = 4; lastKnownFileType = sourcecode.swift; path = MapRegion.swift; sourceTree = "<group>"; };
		B1AC4CE11F52F4860032C590 /* MapViewControllerExtension.swift */ = {isa = PBXFileReference; fileEncoding = 4; lastKnownFileType = sourcecode.swift; path = MapViewControllerExtension.swift; sourceTree = "<group>"; };
		B1AC4CE31F52F8730032C590 /* MapDetailViewController.swift */ = {isa = PBXFileReference; fileEncoding = 4; lastKnownFileType = sourcecode.swift; path = MapDetailViewController.swift; sourceTree = "<group>"; };
		B1AF26F01F5AC162006B94CC /* FlickrClientExention.swift */ = {isa = PBXFileReference; fileEncoding = 4; lastKnownFileType = sourcecode.swift; path = FlickrClientExention.swift; sourceTree = "<group>"; };
		B1AF26F21F5AC83C006B94CC /* String.swift */ = {isa = PBXFileReference; fileEncoding = 4; lastKnownFileType = sourcecode.swift; path = String.swift; sourceTree = "<group>"; };
		B1AF26F41F5AC86B006B94CC /* Dictionary.swift */ = {isa = PBXFileReference; fileEncoding = 4; lastKnownFileType = sourcecode.swift; path = Dictionary.swift; sourceTree = "<group>"; };
		B1AF26F61F5F016C006B94CC /* UIImage.swift */ = {isa = PBXFileReference; fileEncoding = 4; lastKnownFileType = sourcecode.swift; path = UIImage.swift; sourceTree = "<group>"; };
		B1D4AC211F6E465E009E5718 /* MapMainMenu.swift */ = {isa = PBXFileReference; fileEncoding = 4; lastKnownFileType = sourcecode.swift; path = MapMainMenu.swift; sourceTree = "<group>"; };
		B1D4AC231F6E470E009E5718 /* MapMainMenu.xib */ = {isa = PBXFileReference; fileEncoding = 4; lastKnownFileType = file.xib; path = MapMainMenu.xib; sourceTree = "<group>"; };
		B1D4AC261F6E493D009E5718 /* ControllerCommandProtocol.swift */ = {isa = PBXFileReference; fileEncoding = 4; lastKnownFileType = sourcecode.swift; path = ControllerCommandProtocol.swift; sourceTree = "<group>"; };
		B1F8D19E1F4F2DB20025D575 /* Pin.swift */ = {isa = PBXFileReference; fileEncoding = 4; lastKnownFileType = sourcecode.swift; path = Pin.swift; sourceTree = "<group>"; };
		B1FB54EE1F6536F400E20E72 /* FlickrCell.swift */ = {isa = PBXFileReference; fileEncoding = 4; lastKnownFileType = sourcecode.swift; path = FlickrCell.swift; sourceTree = "<group>"; };
		B1FB54F01F6548CC00E20E72 /* MapDetailViewControllerExtension.swift */ = {isa = PBXFileReference; fileEncoding = 4; lastKnownFileType = sourcecode.swift; path = MapDetailViewControllerExtension.swift; sourceTree = "<group>"; };
		B1FB54F21F678C6000E20E72 /* FlickrClientConstants.swift */ = {isa = PBXFileReference; fileEncoding = 4; lastKnownFileType = sourcecode.swift; path = FlickrClientConstants.swift; sourceTree = "<group>"; };
		BA75860029CA1A46FF04052C /* Pods-VirtualTourist.release.xcconfig */ = {isa = PBXFileReference; includeInIndex = 1; lastKnownFileType = text.xcconfig; name = "Pods-VirtualTourist.release.xcconfig"; path = "Pods/Target Support Files/Pods-VirtualTourist/Pods-VirtualTourist.release.xcconfig"; sourceTree = "<group>"; };
/* End PBXFileReference section */

/* Begin PBXFrameworksBuildPhase section */
		B140F0901E9FE94E00EEEEA4 /* Frameworks */ = {
			isa = PBXFrameworksBuildPhase;
			buildActionMask = 2147483647;
			files = (
				BFDEA9AB5FACA533086E1E43 /* Pods_VirtualTourist.framework in Frameworks */,
			);
			runOnlyForDeploymentPostprocessing = 0;
		};
/* End PBXFrameworksBuildPhase section */

/* Begin PBXGroup section */
		318DF718B30332220763FE7B /* Frameworks */ = {
			isa = PBXGroup;
			children = (
				461A4D22E43FEB594A4BE36E /* Pods_VirtualTourist.framework */,
			);
			name = Frameworks;
			sourceTree = "<group>";
		};
		B11C2F071F530D8100F69F6E /* extension */ = {
			isa = PBXGroup;
			children = (
				B1FB54F01F6548CC00E20E72 /* MapDetailViewControllerExtension.swift */,
			);
			name = extension;
			sourceTree = "<group>";
		};
		B12BC9F71F4C7D210037A359 /* model */ = {
			isa = PBXGroup;
			children = (
				B12BC9FD1F4C7DD10037A359 /* clients */,
				B12BCA001F4C7E070037A359 /* device */,
				B12BCA011F4C7E380037A359 /* common */,
				B12BCA081F4C80CA0037A359 /* data */,
			);
			name = model;
			sourceTree = "<group>";
		};
		B12BC9F81F4C7D350037A359 /* view */ = {
			isa = PBXGroup;
			children = (
				B12BC9FB1F4C7D980037A359 /* partials */,
				B12BC9FC1F4C7DA00037A359 /* storyboards */,
			);
			name = view;
			sourceTree = "<group>";
		};
		B12BC9F91F4C7D3B0037A359 /* controller */ = {
			isa = PBXGroup;
			children = (
				B12BCA031F4C7E630037A359 /* base */,
				B12BCA051F4C7E720037A359 /* locationMapView */,
				B12BCA061F4C7E960037A359 /* photoAlbumView */,
			);
			name = controller;
			sourceTree = "<group>";
		};
		B12BC9FA1F4C7D460037A359 /* resources */ = {
			isa = PBXGroup;
			children = (
				B140F0A01E9FE94E00EEEEA4 /* Assets.xcassets */,
				B140F0A51E9FE94E00EEEEA4 /* Info.plist */,
			);
			name = resources;
			sourceTree = "<group>";
		};
		B12BC9FB1F4C7D980037A359 /* partials */ = {
			isa = PBXGroup;
			children = (
				B1FB54EE1F6536F400E20E72 /* FlickrCell.swift */,
				B1D4AC211F6E465E009E5718 /* MapMainMenu.swift */,
				B1D4AC231F6E470E009E5718 /* MapMainMenu.xib */,
			);
			name = partials;
			sourceTree = "<group>";
		};
		B12BC9FC1F4C7DA00037A359 /* storyboards */ = {
			isa = PBXGroup;
			children = (
				B140F09A1E9FE94E00EEEEA4 /* Main.storyboard */,
				B140F0A21E9FE94E00EEEEA4 /* LaunchScreen.storyboard */,
			);
			name = storyboards;
			sourceTree = "<group>";
		};
		B12BC9FD1F4C7DD10037A359 /* clients */ = {
			isa = PBXGroup;
			children = (
				B12BC9FE1F4C7DD90037A359 /* base */,
				B12BC9FF1F4C7DDE0037A359 /* flickr.com */,
			);
			name = clients;
			sourceTree = "<group>";
		};
		B12BC9FE1F4C7DD90037A359 /* base */ = {
			isa = PBXGroup;
			children = (
				B16313C21F5A92B300CAC474 /* extension */,
				B11C2F0A1F55F0DD00F69F6E /* RequestClient.swift */,
			);
			name = base;
			sourceTree = "<group>";
		};
		B12BC9FF1F4C7DDE0037A359 /* flickr.com */ = {
			isa = PBXGroup;
			children = (
				B1AF26EF1F5AC147006B94CC /* extension */,
				B16313BE1F5A77D000CAC474 /* FlickrClient.swift */,
				B1FB54F21F678C6000E20E72 /* FlickrClientConstants.swift */,
			);
			name = flickr.com;
			sourceTree = "<group>";
		};
		B12BCA001F4C7E070037A359 /* device */ = {
			isa = PBXGroup;
			children = (
			);
			name = device;
			sourceTree = "<group>";
		};
		B12BCA011F4C7E380037A359 /* common */ = {
			isa = PBXGroup;
			children = (
				B12BCA021F4C7E4F0037A359 /* extensions */,
			);
			name = common;
			sourceTree = "<group>";
		};
		B12BCA021F4C7E4F0037A359 /* extensions */ = {
			isa = PBXGroup;
			children = (
				B11C2F081F544BE900F69F6E /* UIColor.swift */,
				B1AF26F21F5AC83C006B94CC /* String.swift */,
				B1AF26F41F5AC86B006B94CC /* Dictionary.swift */,
				B1AF26F61F5F016C006B94CC /* UIImage.swift */,
			);
			name = extensions;
			sourceTree = "<group>";
		};
		B12BCA031F4C7E630037A359 /* base */ = {
			isa = PBXGroup;
			children = (
				B1D4AC251F6E4923009E5718 /* protocol */,
				B12BCA091F4C88130037A359 /* BaseController.swift */,
			);
			name = base;
			sourceTree = "<group>";
		};
		B12BCA051F4C7E720037A359 /* locationMapView */ = {
			isa = PBXGroup;
			children = (
				B12BCA0B1F4C88570037A359 /* extension */,
				B140F0981E9FE94E00EEEEA4 /* MapViewController.swift */,
			);
			name = locationMapView;
			sourceTree = "<group>";
		};
		B12BCA061F4C7E960037A359 /* photoAlbumView */ = {
			isa = PBXGroup;
			children = (
				B11C2F071F530D8100F69F6E /* extension */,
				B1AC4CE31F52F8730032C590 /* MapDetailViewController.swift */,
			);
			name = photoAlbumView;
			sourceTree = "<group>";
		};
		B12BCA081F4C80CA0037A359 /* data */ = {
			isa = PBXGroup;
			children = (
				B1F8D1671F4F2AA70025D575 /* extension */,
				B1F8D19E1F4F2DB20025D575 /* Pin.swift */,
				B12DCC111F6C48F400CD9592 /* PhotoQueueItem.swift */,
				B1AC4CDF1F5055950032C590 /* MapRegion.swift */,
				B16A70801F6C56080072BA4D /* Photo.swift */,
			);
			name = data;
			sourceTree = "<group>";
		};
		B12BCA0B1F4C88570037A359 /* extension */ = {
			isa = PBXGroup;
			children = (
				B1AC4CE11F52F4860032C590 /* MapViewControllerExtension.swift */,
			);
			name = extension;
			sourceTree = "<group>";
		};
		B140F08A1E9FE94E00EEEEA4 = {
			isa = PBXGroup;
			children = (
				B140F0951E9FE94E00EEEEA4 /* VirtualTourist */,
				B140F0941E9FE94E00EEEEA4 /* Products */,
				E772365F4404511BCE64AFD0 /* Pods */,
				318DF718B30332220763FE7B /* Frameworks */,
			);
			sourceTree = "<group>";
		};
		B140F0941E9FE94E00EEEEA4 /* Products */ = {
			isa = PBXGroup;
			children = (
				B140F0931E9FE94E00EEEEA4 /* VirtualTourist.app */,
			);
			name = Products;
			sourceTree = "<group>";
		};
		B140F0951E9FE94E00EEEEA4 /* VirtualTourist */ = {
			isa = PBXGroup;
			children = (
				B12BC9F71F4C7D210037A359 /* model */,
				B12BC9F81F4C7D350037A359 /* view */,
				B12BC9F91F4C7D3B0037A359 /* controller */,
				B12BC9FA1F4C7D460037A359 /* resources */,
				B140F0961E9FE94E00EEEEA4 /* AppDelegate.swift */,
				B140F09D1E9FE94E00EEEEA4 /* VirtualTourist.xcdatamodeld */,
			);
			path = VirtualTourist;
			sourceTree = "<group>";
		};
		B16313C21F5A92B300CAC474 /* extension */ = {
			isa = PBXGroup;
			children = (
				B16313C31F5A92CC00CAC474 /* RequestClientExtension.swift */,
			);
			name = extension;
			sourceTree = "<group>";
		};
		B1AF26EF1F5AC147006B94CC /* extension */ = {
			isa = PBXGroup;
			children = (
				B1AF26F01F5AC162006B94CC /* FlickrClientExention.swift */,
			);
			name = extension;
			sourceTree = "<group>";
		};
		B1D4AC251F6E4923009E5718 /* protocol */ = {
			isa = PBXGroup;
			children = (
				B1D4AC261F6E493D009E5718 /* ControllerCommandProtocol.swift */,
			);
			name = protocol;
			sourceTree = "<group>";
		};
		B1F8D1671F4F2AA70025D575 /* extension */ = {
			isa = PBXGroup;
			children = (
				B12DCC0F1F6C48A900CD9592 /* PhotoExtension.swift */,
			);
			name = extension;
			sourceTree = "<group>";
		};
		E772365F4404511BCE64AFD0 /* Pods */ = {
			isa = PBXGroup;
			children = (
				ACE6EE8AE16FDEF3E5224A79 /* Pods-VirtualTourist.debug.xcconfig */,
				BA75860029CA1A46FF04052C /* Pods-VirtualTourist.release.xcconfig */,
			);
			name = Pods;
			sourceTree = "<group>";
		};
/* End PBXGroup section */

/* Begin PBXNativeTarget section */
		B140F0921E9FE94E00EEEEA4 /* VirtualTourist */ = {
			isa = PBXNativeTarget;
			buildConfigurationList = B140F0A81E9FE94E00EEEEA4 /* Build configuration list for PBXNativeTarget "VirtualTourist" */;
			buildPhases = (
				D908897603B523182291EEDA /* [CP] Check Pods Manifest.lock */,
				B140F08F1E9FE94E00EEEEA4 /* Sources */,
				B140F0901E9FE94E00EEEEA4 /* Frameworks */,
				B140F0911E9FE94E00EEEEA4 /* Resources */,
				522EE8F94DD110C44E23A2A0 /* [CP] Embed Pods Frameworks */,
				6B1CE656FD4A2451EF37FBE1 /* [CP] Copy Pods Resources */,
			);
			buildRules = (
			);
			dependencies = (
			);
			name = VirtualTourist;
			productName = VirtualTourist;
			productReference = B140F0931E9FE94E00EEEEA4 /* VirtualTourist.app */;
			productType = "com.apple.product-type.application";
		};
/* End PBXNativeTarget section */

/* Begin PBXProject section */
		B140F08B1E9FE94E00EEEEA4 /* Project object */ = {
			isa = PBXProject;
			attributes = {
				LastSwiftUpdateCheck = 0830;
				LastUpgradeCheck = 0830;
				ORGANIZATIONNAME = "Patrick Paechnatz";
				TargetAttributes = {
					B140F0921E9FE94E00EEEEA4 = {
						CreatedOnToolsVersion = 8.3.1;
						DevelopmentTeam = QYU36A8NKN;
						ProvisioningStyle = Automatic;
					};
				};
			};
			buildConfigurationList = B140F08E1E9FE94E00EEEEA4 /* Build configuration list for PBXProject "VirtualTourist" */;
			compatibilityVersion = "Xcode 3.2";
			developmentRegion = English;
			hasScannedForEncodings = 0;
			knownRegions = (
				en,
				Base,
			);
			mainGroup = B140F08A1E9FE94E00EEEEA4;
			productRefGroup = B140F0941E9FE94E00EEEEA4 /* Products */;
			projectDirPath = "";
			projectRoot = "";
			targets = (
				B140F0921E9FE94E00EEEEA4 /* VirtualTourist */,
			);
		};
/* End PBXProject section */

/* Begin PBXResourcesBuildPhase section */
		B140F0911E9FE94E00EEEEA4 /* Resources */ = {
			isa = PBXResourcesBuildPhase;
			buildActionMask = 2147483647;
			files = (
				B1D4AC241F6E470E009E5718 /* MapMainMenu.xib in Resources */,
				B140F0A41E9FE94E00EEEEA4 /* LaunchScreen.storyboard in Resources */,
				B140F0A11E9FE94E00EEEEA4 /* Assets.xcassets in Resources */,
				B140F09C1E9FE94E00EEEEA4 /* Main.storyboard in Resources */,
			);
			runOnlyForDeploymentPostprocessing = 0;
		};
/* End PBXResourcesBuildPhase section */

/* Begin PBXShellScriptBuildPhase section */
		522EE8F94DD110C44E23A2A0 /* [CP] Embed Pods Frameworks */ = {
			isa = PBXShellScriptBuildPhase;
			buildActionMask = 2147483647;
			files = (
			);
			inputPaths = (
				"${SRCROOT}/Pods/Target Support Files/Pods-VirtualTourist/Pods-VirtualTourist-frameworks.sh",
				"${BUILT_PRODUCTS_DIR}/BGTableViewRowActionWithImage/BGTableViewRowActionWithImage.framework",
				"${BUILT_PRODUCTS_DIR}/CoreStore/CoreStore.framework",
				"${BUILT_PRODUCTS_DIR}/CryptoSwift/CryptoSwift.framework",
				"${BUILT_PRODUCTS_DIR}/Kingfisher/Kingfisher.framework",
				"${BUILT_PRODUCTS_DIR}/SnapKit/SnapKit.framework",
				"${BUILT_PRODUCTS_DIR}/YNDropDownMenu/YNDropDownMenu.framework",
			);
			name = "[CP] Embed Pods Frameworks";
			outputPaths = (
				"${TARGET_BUILD_DIR}/${FRAMEWORKS_FOLDER_PATH}/BGTableViewRowActionWithImage.framework",
				"${TARGET_BUILD_DIR}/${FRAMEWORKS_FOLDER_PATH}/CoreStore.framework",
				"${TARGET_BUILD_DIR}/${FRAMEWORKS_FOLDER_PATH}/CryptoSwift.framework",
				"${TARGET_BUILD_DIR}/${FRAMEWORKS_FOLDER_PATH}/Kingfisher.framework",
				"${TARGET_BUILD_DIR}/${FRAMEWORKS_FOLDER_PATH}/SnapKit.framework",
				"${TARGET_BUILD_DIR}/${FRAMEWORKS_FOLDER_PATH}/YNDropDownMenu.framework",
			);
			runOnlyForDeploymentPostprocessing = 0;
			shellPath = /bin/sh;
			shellScript = "\"${SRCROOT}/Pods/Target Support Files/Pods-VirtualTourist/Pods-VirtualTourist-frameworks.sh\"\n";
			showEnvVarsInLog = 0;
		};
		6B1CE656FD4A2451EF37FBE1 /* [CP] Copy Pods Resources */ = {
			isa = PBXShellScriptBuildPhase;
			buildActionMask = 2147483647;
			files = (
			);
			inputPaths = (
			);
			name = "[CP] Copy Pods Resources";
			outputPaths = (
			);
			runOnlyForDeploymentPostprocessing = 0;
			shellPath = /bin/sh;
			shellScript = "\"${SRCROOT}/Pods/Target Support Files/Pods-VirtualTourist/Pods-VirtualTourist-resources.sh\"\n";
			showEnvVarsInLog = 0;
		};
		D908897603B523182291EEDA /* [CP] Check Pods Manifest.lock */ = {
			isa = PBXShellScriptBuildPhase;
			buildActionMask = 2147483647;
			files = (
			);
			inputPaths = (
				"${PODS_PODFILE_DIR_PATH}/Podfile.lock",
				"${PODS_ROOT}/Manifest.lock",
			);
			name = "[CP] Check Pods Manifest.lock";
			outputPaths = (
				"$(DERIVED_FILE_DIR)/Pods-VirtualTourist-checkManifestLockResult.txt",
			);
			runOnlyForDeploymentPostprocessing = 0;
			shellPath = /bin/sh;
			shellScript = "diff \"${PODS_PODFILE_DIR_PATH}/Podfile.lock\" \"${PODS_ROOT}/Manifest.lock\" > /dev/null\nif [ $? != 0 ] ; then\n    # print error to STDERR\n    echo \"error: The sandbox is not in sync with the Podfile.lock. Run 'pod install' or update your CocoaPods installation.\" >&2\n    exit 1\nfi\n# This output is used by Xcode 'outputs' to avoid re-running this script phase.\necho \"SUCCESS\" > \"${SCRIPT_OUTPUT_FILE_0}\"\n";
			showEnvVarsInLog = 0;
		};
/* End PBXShellScriptBuildPhase section */

/* Begin PBXSourcesBuildPhase section */
		B140F08F1E9FE94E00EEEEA4 /* Sources */ = {
			isa = PBXSourcesBuildPhase;
			buildActionMask = 2147483647;
			files = (
				B16313C41F5A92CC00CAC474 /* RequestClientExtension.swift in Sources */,
				B16313BF1F5A77D000CAC474 /* FlickrClient.swift in Sources */,
				B1AF26F11F5AC162006B94CC /* FlickrClientExention.swift in Sources */,
				B1FB54F11F6548CC00E20E72 /* MapDetailViewControllerExtension.swift in Sources */,
				B12DCC101F6C48A900CD9592 /* PhotoExtension.swift in Sources */,
				B1AC4CE01F5055950032C590 /* MapRegion.swift in Sources */,
				B12DCC121F6C48F400CD9592 /* PhotoQueueItem.swift in Sources */,
				B1AC4CE21F52F4860032C590 /* MapViewControllerExtension.swift in Sources */,
				B1D4AC221F6E465E009E5718 /* MapMainMenu.swift in Sources */,
				B1F8D19F1F4F2DB20025D575 /* Pin.swift in Sources */,
				B140F0991E9FE94E00EEEEA4 /* MapViewController.swift in Sources */,
				B1AC4CE41F52F8730032C590 /* MapDetailViewController.swift in Sources */,
				B140F0971E9FE94E00EEEEA4 /* AppDelegate.swift in Sources */,
				B12BCA0A1F4C88130037A359 /* BaseController.swift in Sources */,
				B11C2F0B1F55F0DD00F69F6E /* RequestClient.swift in Sources */,
				B1FB54EF1F6536F400E20E72 /* FlickrCell.swift in Sources */,
				B140F09F1E9FE94E00EEEEA4 /* VirtualTourist.xcdatamodeld in Sources */,
				B1AF26F51F5AC86B006B94CC /* Dictionary.swift in Sources */,
				B1AF26F71F5F016C006B94CC /* UIImage.swift in Sources */,
				B16A70811F6C56080072BA4D /* Photo.swift in Sources */,
				B1FB54F31F678C6000E20E72 /* FlickrClientConstants.swift in Sources */,
				B1AF26F31F5AC83C006B94CC /* String.swift in Sources */,
				B11C2F091F544BE900F69F6E /* UIColor.swift in Sources */,
				B1D4AC271F6E493D009E5718 /* ControllerCommandProtocol.swift in Sources */,
			);
			runOnlyForDeploymentPostprocessing = 0;
		};
/* End PBXSourcesBuildPhase section */

/* Begin PBXVariantGroup section */
		B140F09A1E9FE94E00EEEEA4 /* Main.storyboard */ = {
			isa = PBXVariantGroup;
			children = (
				B140F09B1E9FE94E00EEEEA4 /* Base */,
			);
			name = Main.storyboard;
			sourceTree = "<group>";
		};
		B140F0A21E9FE94E00EEEEA4 /* LaunchScreen.storyboard */ = {
			isa = PBXVariantGroup;
			children = (
				B140F0A31E9FE94E00EEEEA4 /* Base */,
			);
			name = LaunchScreen.storyboard;
			sourceTree = "<group>";
		};
/* End PBXVariantGroup section */

/* Begin XCBuildConfiguration section */
		B140F0A61E9FE94E00EEEEA4 /* Debug */ = {
			isa = XCBuildConfiguration;
			buildSettings = {
				ALWAYS_SEARCH_USER_PATHS = NO;
				CLANG_ANALYZER_NONNULL = YES;
				CLANG_ANALYZER_NUMBER_OBJECT_CONVERSION = YES_AGGRESSIVE;
				CLANG_CXX_LANGUAGE_STANDARD = "gnu++0x";
				CLANG_CXX_LIBRARY = "libc++";
				CLANG_ENABLE_MODULES = YES;
				CLANG_ENABLE_OBJC_ARC = YES;
				CLANG_WARN_BOOL_CONVERSION = YES;
				CLANG_WARN_CONSTANT_CONVERSION = YES;
				CLANG_WARN_DIRECT_OBJC_ISA_USAGE = YES_ERROR;
				CLANG_WARN_DOCUMENTATION_COMMENTS = YES;
				CLANG_WARN_EMPTY_BODY = YES;
				CLANG_WARN_ENUM_CONVERSION = YES;
				CLANG_WARN_INFINITE_RECURSION = YES;
				CLANG_WARN_INT_CONVERSION = YES;
				CLANG_WARN_OBJC_ROOT_CLASS = YES_ERROR;
				CLANG_WARN_SUSPICIOUS_MOVE = YES;
				CLANG_WARN_UNREACHABLE_CODE = YES;
				CLANG_WARN__DUPLICATE_METHOD_MATCH = YES;
				"CODE_SIGN_IDENTITY[sdk=iphoneos*]" = "iPhone Developer";
				COPY_PHASE_STRIP = NO;
				DEBUG_INFORMATION_FORMAT = dwarf;
				ENABLE_STRICT_OBJC_MSGSEND = YES;
				ENABLE_TESTABILITY = YES;
				GCC_C_LANGUAGE_STANDARD = gnu99;
				GCC_DYNAMIC_NO_PIC = NO;
				GCC_NO_COMMON_BLOCKS = YES;
				GCC_OPTIMIZATION_LEVEL = 0;
				GCC_PREPROCESSOR_DEFINITIONS = (
					"DEBUG=1",
					"$(inherited)",
				);
				GCC_WARN_64_TO_32_BIT_CONVERSION = YES;
				GCC_WARN_ABOUT_RETURN_TYPE = YES_ERROR;
				GCC_WARN_UNDECLARED_SELECTOR = YES;
				GCC_WARN_UNINITIALIZED_AUTOS = YES_AGGRESSIVE;
				GCC_WARN_UNUSED_FUNCTION = YES;
				GCC_WARN_UNUSED_VARIABLE = YES;
				IPHONEOS_DEPLOYMENT_TARGET = 10.3;
				MTL_ENABLE_DEBUG_INFO = YES;
				ONLY_ACTIVE_ARCH = YES;
				SDKROOT = iphoneos;
				SWIFT_ACTIVE_COMPILATION_CONDITIONS = DEBUG;
				SWIFT_OPTIMIZATION_LEVEL = "-Onone";
				TARGETED_DEVICE_FAMILY = "1,2";
			};
			name = Debug;
		};
		B140F0A71E9FE94E00EEEEA4 /* Release */ = {
			isa = XCBuildConfiguration;
			buildSettings = {
				ALWAYS_SEARCH_USER_PATHS = NO;
				CLANG_ANALYZER_NONNULL = YES;
				CLANG_ANALYZER_NUMBER_OBJECT_CONVERSION = YES_AGGRESSIVE;
				CLANG_CXX_LANGUAGE_STANDARD = "gnu++0x";
				CLANG_CXX_LIBRARY = "libc++";
				CLANG_ENABLE_MODULES = YES;
				CLANG_ENABLE_OBJC_ARC = YES;
				CLANG_WARN_BOOL_CONVERSION = YES;
				CLANG_WARN_CONSTANT_CONVERSION = YES;
				CLANG_WARN_DIRECT_OBJC_ISA_USAGE = YES_ERROR;
				CLANG_WARN_DOCUMENTATION_COMMENTS = YES;
				CLANG_WARN_EMPTY_BODY = YES;
				CLANG_WARN_ENUM_CONVERSION = YES;
				CLANG_WARN_INFINITE_RECURSION = YES;
				CLANG_WARN_INT_CONVERSION = YES;
				CLANG_WARN_OBJC_ROOT_CLASS = YES_ERROR;
				CLANG_WARN_SUSPICIOUS_MOVE = YES;
				CLANG_WARN_UNREACHABLE_CODE = YES;
				CLANG_WARN__DUPLICATE_METHOD_MATCH = YES;
				"CODE_SIGN_IDENTITY[sdk=iphoneos*]" = "iPhone Developer";
				COPY_PHASE_STRIP = NO;
				DEBUG_INFORMATION_FORMAT = "dwarf-with-dsym";
				ENABLE_NS_ASSERTIONS = NO;
				ENABLE_STRICT_OBJC_MSGSEND = YES;
				GCC_C_LANGUAGE_STANDARD = gnu99;
				GCC_NO_COMMON_BLOCKS = YES;
				GCC_WARN_64_TO_32_BIT_CONVERSION = YES;
				GCC_WARN_ABOUT_RETURN_TYPE = YES_ERROR;
				GCC_WARN_UNDECLARED_SELECTOR = YES;
				GCC_WARN_UNINITIALIZED_AUTOS = YES_AGGRESSIVE;
				GCC_WARN_UNUSED_FUNCTION = YES;
				GCC_WARN_UNUSED_VARIABLE = YES;
				IPHONEOS_DEPLOYMENT_TARGET = 10.3;
				MTL_ENABLE_DEBUG_INFO = NO;
				SDKROOT = iphoneos;
				SWIFT_OPTIMIZATION_LEVEL = "-Owholemodule";
				TARGETED_DEVICE_FAMILY = "1,2";
				VALIDATE_PRODUCT = YES;
			};
			name = Release;
		};
		B140F0A91E9FE94E00EEEEA4 /* Debug */ = {
			isa = XCBuildConfiguration;
			baseConfigurationReference = ACE6EE8AE16FDEF3E5224A79 /* Pods-VirtualTourist.debug.xcconfig */;
			buildSettings = {
				ASSETCATALOG_COMPILER_APPICON_NAME = AppIcon;
				DEVELOPMENT_TEAM = QYU36A8NKN;
				INFOPLIST_FILE = VirtualTourist/Info.plist;
				IPHONEOS_DEPLOYMENT_TARGET = 10.0;
				LD_RUNPATH_SEARCH_PATHS = "$(inherited) @executable_path/Frameworks";
				PRODUCT_BUNDLE_IDENTIFIER = com.dunkelfrosch.ios.VirtualTourist;
				PRODUCT_NAME = "$(TARGET_NAME)";
				SWIFT_VERSION = 3.0;
			};
			name = Debug;
		};
		B140F0AA1E9FE94E00EEEEA4 /* Release */ = {
			isa = XCBuildConfiguration;
			baseConfigurationReference = BA75860029CA1A46FF04052C /* Pods-VirtualTourist.release.xcconfig */;
			buildSettings = {
				ASSETCATALOG_COMPILER_APPICON_NAME = AppIcon;
				DEVELOPMENT_TEAM = QYU36A8NKN;
				INFOPLIST_FILE = VirtualTourist/Info.plist;
				IPHONEOS_DEPLOYMENT_TARGET = 10.0;
				LD_RUNPATH_SEARCH_PATHS = "$(inherited) @executable_path/Frameworks";
				PRODUCT_BUNDLE_IDENTIFIER = com.dunkelfrosch.ios.VirtualTourist;
				PRODUCT_NAME = "$(TARGET_NAME)";
				SWIFT_VERSION = 3.0;
			};
			name = Release;
		};
/* End XCBuildConfiguration section */

/* Begin XCConfigurationList section */
		B140F08E1E9FE94E00EEEEA4 /* Build configuration list for PBXProject "VirtualTourist" */ = {
			isa = XCConfigurationList;
			buildConfigurations = (
				B140F0A61E9FE94E00EEEEA4 /* Debug */,
				B140F0A71E9FE94E00EEEEA4 /* Release */,
			);
			defaultConfigurationIsVisible = 0;
			defaultConfigurationName = Release;
		};
		B140F0A81E9FE94E00EEEEA4 /* Build configuration list for PBXNativeTarget "VirtualTourist" */ = {
			isa = XCConfigurationList;
			buildConfigurations = (
				B140F0A91E9FE94E00EEEEA4 /* Debug */,
				B140F0AA1E9FE94E00EEEEA4 /* Release */,
			);
			defaultConfigurationIsVisible = 0;
			defaultConfigurationName = Release;
		};
/* End XCConfigurationList section */

/* Begin XCVersionGroup section */
		B140F09D1E9FE94E00EEEEA4 /* VirtualTourist.xcdatamodeld */ = {
			isa = XCVersionGroup;
			children = (
				B140F09E1E9FE94E00EEEEA4 /* VirtualTourist.xcdatamodel */,
			);
			currentVersion = B140F09E1E9FE94E00EEEEA4 /* VirtualTourist.xcdatamodel */;
			path = VirtualTourist.xcdatamodeld;
			sourceTree = "<group>";
			versionGroupType = wrapper.xcdatamodel;
		};
/* End XCVersionGroup section */
	};
	rootObject = B140F08B1E9FE94E00EEEEA4 /* Project object */;
}
